{
  "version": "5",
  "specifiers": {
    "jsr:@std/dotenv@~0.225.7": "0.225.7",
    "npm:commander@^13.1.0": "13.1.0",
    "npm:openai@^6.43.0": "6.43.0"
  },
  "jsr": {
    "@std/dotenv@0.225.7": {
      "integrity": "11d8db03ca4ad5aba9eba809f2e8058b2a4f320b7b09fea4b360e162928329e3"
    }
  },
  "npm": {
    "commander@13.1.0": {
      "integrity": "sha512-/rFeCpNJQbhSZjGVwO9RFV3xPqbnERS8MmIQzCtD/zl6gpJuV/bMLuN92oG3F7d8oDEHHRrujSXNUr8fpjntKw=="
    },
    "openai@6.43.0": {
      "integrity": "sha512-wVjioGjbnAZycj5mmkFVxbBxLEp+NkKpdMscCYP9LTbq+nbf1WTMVp+ovmD35jgyco4tldWZJkcqdmlh3O9yHQ=="
    }
  },
  "workspace": {
    "dependencies": [
      "jsr:@std/dotenv@~0.225.7",
      "npm:commander@^13.1.0",
      "npm:openai@^6.43.0"
    ]
  }
}
